
Microsoft Visual Studio Solution File, Format Version 12.00
# Visual Studio 15
VisualStudioVersion = 15.0.27703.2035
MinimumVisualStudioVersion = 10.0.40219.1
Project("{FAE04EC0-301F-11D3-BF4B-00C04F79EFBC}") = "Numbgen", "Numbgen_mobile\Numbgen_mobile.Android\Numbgen.csproj", "{5F82AD47-AA51-48AF-A529-0CF56ABFE09E}"
EndProject
Project("{9A19103F-16F7-4668-BE54-9A1E7A4F7556}") = "Numbgen_mobile", "Numbgen_mobile\Numbgen_mobile\Numbgen_mobile.csproj", "{FF99A1F3-421D-4DB3-A841-61B2EA70BF24}"
EndProject
Global
	GlobalSection(SolutionConfigurationPlatforms) = preSolution
		Debug|Any CPU = Debug|Any CPU
		Release|Any CPU = Release|Any CPU
	EndGlobalSection
	GlobalSection(ProjectConfigurationPlatforms) = postSolution
		{5F82AD47-AA51-48AF-A529-0CF56ABFE09E}.Debug|Any CPU.ActiveCfg = Debug|Any CPU
		{5F82AD47-AA51-48AF-A529-0CF56ABFE09E}.Debug|Any CPU.Build.0 = Debug|Any CPU
		{5F82AD47-AA51-48AF-A529-0CF56ABFE09E}.Debug|Any CPU.Deploy.0 = Debug|Any CPU
		{5F82AD47-AA51-48AF-A529-0CF56ABFE09E}.Release|Any CPU.ActiveCfg = Release|Any CPU
		{5F82AD47-AA51-48AF-A529-0CF56ABFE09E}.Release|Any CPU.Build.0 = Release|Any CPU
		{5F82AD47-AA51-48AF-A529-0CF56ABFE09E}.Release|Any CPU.Deploy.0 = Release|Any CPU
		{FF99A1F3-421D-4DB3-A841-61B2EA70BF24}.Debug|Any CPU.ActiveCfg = Debug|Any CPU
		{FF99A1F3-421D-4DB3-A841-61B2EA70BF24}.Debug|Any CPU.Build.0 = Debug|Any CPU
		{FF99A1F3-421D-4DB3-A841-61B2EA70BF24}.Debug|Any CPU.Deploy.0 = Debug|Any CPU
		{FF99A1F3-421D-4DB3-A841-61B2EA70BF24}.Release|Any CPU.ActiveCfg = Release|Any CPU
		{FF99A1F3-421D-4DB3-A841-61B2EA70BF24}.Release|Any CPU.Build.0 = Release|Any CPU
		{FF99A1F3-421D-4DB3-A841-61B2EA70BF24}.Release|Any CPU.Deploy.0 = Release|Any CPU
	EndGlobalSection
	GlobalSection(SolutionProperties) = preSolution
		HideSolutionNode = FALSE
	EndGlobalSection
	GlobalSection(ExtensibilityGlobals) = postSolution
		SolutionGuid = {7190E815-BE92-4539-90B7-EE53056312C7}
	EndGlobalSection
EndGlobal
